{
  "name": "fsharp-cloudedge-input-containers",
  "version": "0.0.0",
  "lockfileVersion": 3,
  "requires": true,
  "packages": {
    "": {
      "name": "fsharp-cloudedge-input-containers",
      "version": "0.0.0",
      "devDependencies": {
        "@cloudflare/containers": "0.3.7",
        "@cloudflare/workers-types": "5.20260906.1"
      }
    },
    "node_modules/@cloudflare/containers": {
      "version": "0.3.7",
      "resolved": "https://registry.npmjs.org/@cloudflare/containers/-/containers-0.3.7.tgz",
      "integrity": "sha512-DM9dm3FnIBSyiSJ1FLavKwl/lk3oAmTaynCzZQ9pZR0ncRPquSxkxd8Nu2MFILxmDDsPkxKsSNEh9mHHMty4Fw==",
      "dev": true,
      "license": "MIT OR Apache-2.0"
    },
    "node_modules/@cloudflare/workers-types": {
      "version": "5.20260906.1",
      "resolved": "https://registry.npmjs.org/@cloudflare/workers-types/-/workers-types-5.20260906.1.tgz",
      "integrity": "sha512-mRKC5n+9OP7tZiOu7vMv2MZ+Arh3tX4b9gVAt43WFns83LNzWchhfRs9o2IkFCnYKovHo4m4Af1P4zPQWdLx0g==",
      "dev": true,
      "license": "MIT OR Apache-2.0"
    }
  }
}
