{
  "name": "fsharp-cloudedge-input-flagship",
  "version": "0.0.0",
  "lockfileVersion": 3,
  "requires": true,
  "packages": {
    "": {
      "name": "fsharp-cloudedge-input-flagship",
      "version": "0.0.0",
      "devDependencies": {
        "@cloudflare/flagship": "0.5.0",
        "@cloudflare/workers-types": "5.20260906.1",
        "@openfeature/server-sdk": "1.23.0",
        "@openfeature/web-sdk": "1.10.0",
        "@types/node": "22.19.19"
      }
    },
    "node_modules/@cloudflare/flagship": {
      "version": "0.5.0",
      "resolved": "https://registry.npmjs.org/@cloudflare/flagship/-/flagship-0.5.0.tgz",
      "integrity": "sha512-z3gHf73SOuI2gy6fQ6QLaMDE7zMKMjCcfOjQYhZFUPCbDndUJMr/OON6TQrsETfNOrppTHEjE9f7d9FRjI/b/w==",
      "dev": true,
      "license": "Apache-2.0",
      "dependencies": {
        "lru-cache": "^11.5.2"
      },
      "peerDependencies": {
        "@openfeature/server-sdk": "^1.20.2",
        "@openfeature/web-sdk": "^1.7.3"
      },
      "peerDependenciesMeta": {
        "@openfeature/server-sdk": {
          "optional": true
        },
        "@openfeature/web-sdk": {
          "optional": true
        }
      }
    },
    "node_modules/@cloudflare/workers-types": {
      "version": "5.20260906.1",
      "resolved": "https://registry.npmjs.org/@cloudflare/workers-types/-/workers-types-5.20260906.1.tgz",
      "integrity": "sha512-mRKC5n+9OP7tZiOu7vMv2MZ+Arh3tX4b9gVAt43WFns83LNzWchhfRs9o2IkFCnYKovHo4m4Af1P4zPQWdLx0g==",
      "dev": true,
      "license": "MIT OR Apache-2.0"
    },
    "node_modules/@openfeature/core": {
      "version": "1.12.0",
      "resolved": "https://registry.npmjs.org/@openfeature/core/-/core-1.12.0.tgz",
      "integrity": "sha512-7PCPzyd1OC19begz30+CRknFB0ChtyaZUhk7YWrk+Bov1fpVw0HYkTXtoxxsvPfDZB9P9WsT7uixN+Z8f9+bcA==",
      "dev": true,
      "license": "Apache-2.0",
      "peer": true
    },
    "node_modules/@openfeature/server-sdk": {
      "version": "1.23.0",
      "resolved": "https://registry.npmjs.org/@openfeature/server-sdk/-/server-sdk-1.23.0.tgz",
      "integrity": "sha512-JWeLvltJIV0AFgOfbw7hK9b9Rw/5wWq+RMhCIU9sJtAqarxr8hSPglG+JAGGhYdElAz3Qwe9W3ApWyPNkQEyqg==",
      "dev": true,
      "license": "Apache-2.0",
      "peer": true,
      "engines": {
        "node": ">=20"
      },
      "peerDependencies": {
        "@openfeature/core": "^1.12.0"
      }
    },
    "node_modules/@openfeature/web-sdk": {
      "version": "1.10.0",
      "resolved": "https://registry.npmjs.org/@openfeature/web-sdk/-/web-sdk-1.10.0.tgz",
      "integrity": "sha512-qf+JmJSnaslhegNwoDDLn2Cf72P6cIobuAQPUb61MSkzJOZuVLU6f9pv/90FlLcK6UDtp6od//xZHW712rBrmg==",
      "dev": true,
      "license": "Apache-2.0",
      "peer": true,
      "peerDependencies": {
        "@openfeature/core": "^1.12.0"
      }
    },
    "node_modules/@types/node": {
      "version": "22.19.19",
      "resolved": "https://registry.npmjs.org/@types/node/-/node-22.19.19.tgz",
      "integrity": "sha512-dyh/xO2Fh5bYrfWaaqGrRQQGkNdmYw6AmaAUvYeUMNTWQtvb796ikLdmTchRmOlOiIJ1TDXfWgVx1QkUlQ6Hew==",
      "dev": true,
      "license": "MIT",
      "dependencies": {
        "undici-types": "~6.21.0"
      }
    },
    "node_modules/lru-cache": {
      "version": "11.5.2",
      "resolved": "https://registry.npmjs.org/lru-cache/-/lru-cache-11.5.2.tgz",
      "integrity": "sha512-4pfM1Ff0x50o0tQwb5ucw/RzNyD0/YJME6IVcStalZuMWxdt3sR3huStTtxz4PUmvZfRguvDejasvQ2kifR11g==",
      "dev": true,
      "license": "BlueOak-1.0.0",
      "engines": {
        "node": "20 || >=22"
      }
    },
    "node_modules/undici-types": {
      "version": "6.21.0",
      "resolved": "https://registry.npmjs.org/undici-types/-/undici-types-6.21.0.tgz",
      "integrity": "sha512-iwDZqg0QAGrg9Rav5H4n0M64c3mkR59cJ6wQp+7C4nI0gsmExaedaYLNO44eT4AtBBwjbTiGPMlt2Md0T9H9JQ==",
      "dev": true,
      "license": "MIT"
    }
  }
}
