{
  "name": "fsharp-cloudedge-input-pages-plugin-graphql",
  "version": "0.0.0",
  "lockfileVersion": 3,
  "requires": true,
  "packages": {
    "": {
      "name": "fsharp-cloudedge-input-pages-plugin-graphql",
      "version": "0.0.0",
      "devDependencies": {
        "@cloudflare/pages-plugin-graphql": "1.0.4",
        "graphql": "16.14.2"
      }
    },
    "node_modules/@cloudflare/pages-plugin-graphql": {
      "version": "1.0.4",
      "resolved": "https://registry.npmjs.org/@cloudflare/pages-plugin-graphql/-/pages-plugin-graphql-1.0.4.tgz",
      "integrity": "sha512-hh6+tkw/sqT5qX3+hd3xe+JF1GsK/4LQ0LwTLt2l0yPceoeXYkhJNWbaGEufqpzDww4OOqQaeLSgIrrkiKG1fw==",
      "dev": true,
      "license": "MIT"
    },
    "node_modules/graphql": {
      "version": "16.14.2",
      "resolved": "https://registry.npmjs.org/graphql/-/graphql-16.14.2.tgz",
      "integrity": "sha512-Chq1s4CY7jmh8gO2qvLIJyfCDIN+EHLFW/9iShnp1z8FjBQMoodWP1kDC36VAMXXIvAjj4ARa7ntfAV2BrjsbA==",
      "dev": true,
      "license": "MIT",
      "engines": {
        "node": "^12.22.0 || ^14.16.0 || ^16.0.0 || >=17.0.0"
      }
    }
  }
}
