{
  "name": "fsharp-cloudedge-input-pages-plugin-sentry",
  "version": "0.0.0",
  "lockfileVersion": 3,
  "requires": true,
  "packages": {
    "": {
      "name": "fsharp-cloudedge-input-pages-plugin-sentry",
      "version": "0.0.0",
      "devDependencies": {
        "@cloudflare/pages-plugin-sentry": "1.1.4",
        "@cloudflare/workers-types": "5.20260906.1",
        "toucan-js": "3.4.0"
      }
    },
    "node_modules/@cloudflare/pages-plugin-sentry": {
      "version": "1.1.4",
      "resolved": "https://registry.npmjs.org/@cloudflare/pages-plugin-sentry/-/pages-plugin-sentry-1.1.4.tgz",
      "integrity": "sha512-BFcTebWpD4pp6+RePLp5bckoYKMoXKApm0D3PholFnen5FGAv70reIfa+Y031ZD/yGx7ty+8MlAqB7cnPDQfCg==",
      "deprecated": "Sentry now provides official support for Cloudflare Workers and Pages. Refer to the Sentry documentation (https://docs.sentry.io/platforms/javascript/guides/cloudflare/) for more details.",
      "dev": true,
      "license": "MIT"
    },
    "node_modules/@cloudflare/workers-types": {
      "version": "5.20260906.1",
      "resolved": "https://registry.npmjs.org/@cloudflare/workers-types/-/workers-types-5.20260906.1.tgz",
      "integrity": "sha512-mRKC5n+9OP7tZiOu7vMv2MZ+Arh3tX4b9gVAt43WFns83LNzWchhfRs9o2IkFCnYKovHo4m4Af1P4zPQWdLx0g==",
      "dev": true,
      "license": "MIT OR Apache-2.0"
    },
    "node_modules/@sentry/core": {
      "version": "7.112.2",
      "resolved": "https://registry.npmjs.org/@sentry/core/-/core-7.112.2.tgz",
      "integrity": "sha512-gHPCcJobbMkk0VR18J65WYQTt3ED4qC6X9lHKp27Ddt63E+MDGkG6lvYBU1LS8cV7CdyBGC1XXDCfor61GvLsA==",
      "dev": true,
      "license": "MIT",
      "dependencies": {
        "@sentry/types": "7.112.2",
        "@sentry/utils": "7.112.2"
      },
      "engines": {
        "node": ">=8"
      }
    },
    "node_modules/@sentry/integrations": {
      "version": "7.112.2",
      "resolved": "https://registry.npmjs.org/@sentry/integrations/-/integrations-7.112.2.tgz",
      "integrity": "sha512-ioC2yyU6DqtLkdmWnm87oNvdn2+9oKctJeA4t+jkS6JaJ10DcezjCwiLscX4rhB9aWJV3IWF7Op0O6K3w0t2Hg==",
      "dev": true,
      "license": "MIT",
      "dependencies": {
        "@sentry/core": "7.112.2",
        "@sentry/types": "7.112.2",
        "@sentry/utils": "7.112.2",
        "localforage": "^1.8.1"
      },
      "engines": {
        "node": ">=8"
      }
    },
    "node_modules/@sentry/types": {
      "version": "7.112.2",
      "resolved": "https://registry.npmjs.org/@sentry/types/-/types-7.112.2.tgz",
      "integrity": "sha512-kCMLt7yhY5OkWE9MeowlTNmox9pqDxcpvqguMo4BDNZM5+v9SEb1AauAdR78E1a1V8TyCzjBD7JDfXWhvpYBcQ==",
      "dev": true,
      "license": "MIT",
      "engines": {
        "node": ">=8"
      }
    },
    "node_modules/@sentry/utils": {
      "version": "7.112.2",
      "resolved": "https://registry.npmjs.org/@sentry/utils/-/utils-7.112.2.tgz",
      "integrity": "sha512-OjLh0hx0t1EcL4ZIjf+4svlmmP+tHUDGcr5qpFWH78tjmkPW4+cqPuZCZfHSuWcDdeiaXi8TnYoVRqDcJKK/eQ==",
      "dev": true,
      "license": "MIT",
      "dependencies": {
        "@sentry/types": "7.112.2"
      },
      "engines": {
        "node": ">=8"
      }
    },
    "node_modules/immediate": {
      "version": "3.0.6",
      "resolved": "https://registry.npmjs.org/immediate/-/immediate-3.0.6.tgz",
      "integrity": "sha512-XXOFtyqDjNDAQxVfYxuF7g9Il/IbWmmlQg2MYKOH8ExIT1qg6xc4zyS3HaEEATgs1btfzxq15ciUiY7gjSXRGQ==",
      "dev": true,
      "license": "MIT"
    },
    "node_modules/lie": {
      "version": "3.1.1",
      "resolved": "https://registry.npmjs.org/lie/-/lie-3.1.1.tgz",
      "integrity": "sha512-RiNhHysUjhrDQntfYSfY4MU24coXXdEOgw9WGcKHNeEwffDYbF//u87M1EWaMGzuFoSbqW0C9C6lEEhDOAswfw==",
      "dev": true,
      "license": "MIT",
      "dependencies": {
        "immediate": "~3.0.5"
      }
    },
    "node_modules/localforage": {
      "version": "1.10.0",
      "resolved": "https://registry.npmjs.org/localforage/-/localforage-1.10.0.tgz",
      "integrity": "sha512-14/H1aX7hzBBmmh7sGPd+AOMkkIrHM3Z1PAyGgZigA1H1p5O5ANnMyWzvpAETtG68/dC4pC0ncy3+PPGzXZHPg==",
      "dev": true,
      "license": "Apache-2.0",
      "dependencies": {
        "lie": "3.1.1"
      }
    },
    "node_modules/toucan-js": {
      "version": "3.4.0",
      "resolved": "https://registry.npmjs.org/toucan-js/-/toucan-js-3.4.0.tgz",
      "integrity": "sha512-ifqPB5QIBC07gDGhWyMpSFp6Z6cjRLsjxhQ3wZmE6YGDntJZNCage77AIyrVihQLQM6/6T8TQumEJDuWlBw56w==",
      "dev": true,
      "license": "MIT",
      "dependencies": {
        "@sentry/core": "7.112.2",
        "@sentry/integrations": "7.112.2",
        "@sentry/types": "7.112.2",
        "@sentry/utils": "7.112.2"
      }
    }
  }
}
