{
  "name": "fsharp-cloudedge-input-cabidela",
  "version": "0.0.0",
  "lockfileVersion": 3,
  "requires": true,
  "packages": {
    "": {
      "name": "fsharp-cloudedge-input-cabidela",
      "version": "0.0.0",
      "devDependencies": {
        "@cloudflare/cabidela": "0.2.4",
        "@cloudflare/workers-types": "5.20260906.1"
      }
    },
    "node_modules/@cloudflare/cabidela": {
      "version": "0.2.4",
      "resolved": "https://registry.npmjs.org/@cloudflare/cabidela/-/cabidela-0.2.4.tgz",
      "integrity": "sha512-u/1OwwqfcMvjmUFOcb6QtFzVVGpncHJxwl254wjzp0JC5CUlBkV6r5BbRrHI5ZYJEAgu8NeeorirxngmMFPZjQ==",
      "dev": true,
      "license": "Cloudflare"
    },
    "node_modules/@cloudflare/workers-types": {
      "version": "5.20260906.1",
      "resolved": "https://registry.npmjs.org/@cloudflare/workers-types/-/workers-types-5.20260906.1.tgz",
      "integrity": "sha512-mRKC5n+9OP7tZiOu7vMv2MZ+Arh3tX4b9gVAt43WFns83LNzWchhfRs9o2IkFCnYKovHo4m4Af1P4zPQWdLx0g==",
      "dev": true,
      "license": "MIT OR Apache-2.0"
    }
  }
}
