{
  "name": "fsharp-cloudedge-input-pages-plugin-cloudflare-access",
  "version": "0.0.0",
  "lockfileVersion": 3,
  "requires": true,
  "packages": {
    "": {
      "name": "fsharp-cloudedge-input-pages-plugin-cloudflare-access",
      "version": "0.0.0",
      "devDependencies": {
        "@cloudflare/pages-plugin-cloudflare-access": "1.0.5",
        "@cloudflare/workers-types": "5.20260906.1"
      }
    },
    "node_modules/@cloudflare/pages-plugin-cloudflare-access": {
      "version": "1.0.5",
      "resolved": "https://registry.npmjs.org/@cloudflare/pages-plugin-cloudflare-access/-/pages-plugin-cloudflare-access-1.0.5.tgz",
      "integrity": "sha512-EGVSaUoFLxKfds2tgLWGzIk/xXLO2RqwZDUKsH/olXdNOckOMr4ShR8Pt1AJpZrakCDNiDVXmfLDJYTufxuQRw==",
      "dev": true,
      "license": "MIT"
    },
    "node_modules/@cloudflare/workers-types": {
      "version": "5.20260906.1",
      "resolved": "https://registry.npmjs.org/@cloudflare/workers-types/-/workers-types-5.20260906.1.tgz",
      "integrity": "sha512-mRKC5n+9OP7tZiOu7vMv2MZ+Arh3tX4b9gVAt43WFns83LNzWchhfRs9o2IkFCnYKovHo4m4Af1P4zPQWdLx0g==",
      "dev": true,
      "license": "MIT OR Apache-2.0"
    }
  }
}
