{
  "name": "fsharp-cloudedge-input-realtimekit-react",
  "version": "0.0.0",
  "lockfileVersion": 3,
  "requires": true,
  "packages": {
    "": {
      "name": "fsharp-cloudedge-input-realtimekit-react",
      "version": "0.0.0",
      "devDependencies": {
        "@cloudflare/realtimekit-callstats": "8.0.0",
        "@cloudflare/realtimekit-react": "2.0.2",
        "@cloudflare/realtimekit-utils": "1.0.0",
        "@types/node": "16.18.126",
        "@types/react": "19.2.18"
      }
    },
    "node_modules/@babel/runtime": {
      "version": "7.29.7",
      "resolved": "https://registry.npmjs.org/@babel/runtime/-/runtime-7.29.7.tgz",
      "integrity": "sha512-Nq8OhGWiZIZGV6hLHoyAKLLcJihP/xFeBMGJoUrxTX2psI8dCifzLhZISFb+VWS3wFMRDmCGw5R+dOySCqPLhw==",
      "dev": true,
      "license": "MIT",
      "engines": {
        "node": ">=6.9.0"
      }
    },
    "node_modules/@cloudflare/realtimekit": {
      "version": "2.0.2",
      "resolved": "https://registry.npmjs.org/@cloudflare/realtimekit/-/realtimekit-2.0.2.tgz",
      "integrity": "sha512-tetGFcwlq9QAf4sSyLOJriChgZKoImKphC/JiOCJ9U/B+h2onJ8lYJzdwQTVAb9YnAImtiN3I/eYs2IxHer3fQ==",
      "dev": true,
      "dependencies": {
        "@protobuf-ts/runtime": "^2.7.0",
        "bowser": "^2.11.0",
        "sdp-transform": "^2.14.1",
        "uuid": "^8.3.2",
        "worker-timers": "7.0.60"
      }
    },
    "node_modules/@cloudflare/realtimekit-callstats": {
      "version": "8.0.0",
      "resolved": "https://registry.npmjs.org/@cloudflare/realtimekit-callstats/-/realtimekit-callstats-8.0.0.tgz",
      "integrity": "sha512-VCQegmEOgCz8uKkVQIR855XCeRr7Y+WU86RRBvcDQlwjMQkSvq/BWIPYOOvYQ8nVh21sThlGERpO1lRHObBHQA==",
      "dev": true,
      "engines": {
        "node": ">=10"
      },
      "optionalDependencies": {
        "utf-8-validate": "^5.0.5"
      },
      "peerDependencies": {
        "react": "*"
      }
    },
    "node_modules/@cloudflare/realtimekit-react": {
      "version": "2.0.2",
      "resolved": "https://registry.npmjs.org/@cloudflare/realtimekit-react/-/realtimekit-react-2.0.2.tgz",
      "integrity": "sha512-OYPr8Nnc/cB6UTGDradg2a/yohZO5pSvW/rHlyuSBf2as8OzCXR3OpioEVheLrFVIUVduJDJpyfzA+OiFTUgIg==",
      "dev": true,
      "dependencies": {
        "@cloudflare/realtimekit": "2.0.2"
      },
      "peerDependencies": {
        "react": ">=16.8.6"
      }
    },
    "node_modules/@cloudflare/realtimekit-utils": {
      "version": "1.0.0",
      "resolved": "https://registry.npmjs.org/@cloudflare/realtimekit-utils/-/realtimekit-utils-1.0.0.tgz",
      "integrity": "sha512-yMGll7rvfCyg+cHC0dbCNysxoOOkMAsaNrU+zJwfjnDg2aBpMKMeCXawQvmoLOi4FQLRjPcFTifuLwZ9m3/JvQ==",
      "dev": true,
      "license": "Apache-2.0",
      "dependencies": {
        "lodash-es": "^4.17.21"
      }
    },
    "node_modules/@protobuf-ts/runtime": {
      "version": "2.11.1",
      "resolved": "https://registry.npmjs.org/@protobuf-ts/runtime/-/runtime-2.11.1.tgz",
      "integrity": "sha512-KuDaT1IfHkugM2pyz+FwiY80ejWrkH1pAtOBOZFuR6SXEFTsnb/jiQWQ1rCIrcKx2BtyxnxW6BWwsVSA/Ie+WQ==",
      "dev": true,
      "license": "(Apache-2.0 AND BSD-3-Clause)"
    },
    "node_modules/@types/node": {
      "version": "16.18.126",
      "resolved": "https://registry.npmjs.org/@types/node/-/node-16.18.126.tgz",
      "integrity": "sha512-OTcgaiwfGFBKacvfwuHzzn1KLxH/er8mluiy8/uM3sGXHaRe73RrSIj01jow9t4kJEW633Ov+cOexXeiApTyAw==",
      "dev": true,
      "license": "MIT"
    },
    "node_modules/@types/react": {
      "version": "19.2.18",
      "resolved": "https://registry.npmjs.org/@types/react/-/react-19.2.18.tgz",
      "integrity": "sha512-AnzbBERsrLKtk2XSfTbYRLjQPdy116Sty4q+T+Bp3IC4l6jNBvreVPAHmpq9qhXQM7CXZPjLVmGMw9sy+hxQ3w==",
      "dev": true,
      "license": "MIT",
      "dependencies": {
        "csstype": "^3.2.2"
      }
    },
    "node_modules/bowser": {
      "version": "2.14.1",
      "resolved": "https://registry.npmjs.org/bowser/-/bowser-2.14.1.tgz",
      "integrity": "sha512-tzPjzCxygAKWFOJP011oxFHs57HzIhOEracIgAePE4pqB3LikALKnSzUyU4MGs9/iCEUuHlAJTjTc5M+u7YEGg==",
      "dev": true,
      "license": "MIT"
    },
    "node_modules/csstype": {
      "version": "3.2.3",
      "resolved": "https://registry.npmjs.org/csstype/-/csstype-3.2.3.tgz",
      "integrity": "sha512-z1HGKcYy2xA8AGQfwrn0PAy+PB7X/GSj3UVJW9qKyn43xWa+gl5nXmU4qqLMRzWVLFC8KusUX8T/0kCiOYpAIQ==",
      "dev": true,
      "license": "MIT"
    },
    "node_modules/fast-unique-numbers": {
      "version": "8.0.13",
      "resolved": "https://registry.npmjs.org/fast-unique-numbers/-/fast-unique-numbers-8.0.13.tgz",
      "integrity": "sha512-7OnTFAVPefgw2eBJ1xj2PGGR9FwYzSUso9decayHgCDX4sJkHLdcsYTytTg+tYv+wKF3U8gJuSBz2jJpQV4u/g==",
      "dev": true,
      "license": "MIT",
      "dependencies": {
        "@babel/runtime": "^7.23.8",
        "tslib": "^2.6.2"
      },
      "engines": {
        "node": ">=16.1.0"
      }
    },
    "node_modules/lodash-es": {
      "version": "4.18.1",
      "resolved": "https://registry.npmjs.org/lodash-es/-/lodash-es-4.18.1.tgz",
      "integrity": "sha512-J8xewKD/Gk22OZbhpOVSwcs60zhd95ESDwezOFuA3/099925PdHJ7OFHNTGtajL3AlZkykD32HykiMo+BIBI8A==",
      "dev": true,
      "license": "MIT"
    },
    "node_modules/node-gyp-build": {
      "version": "4.8.4",
      "resolved": "https://registry.npmjs.org/node-gyp-build/-/node-gyp-build-4.8.4.tgz",
      "integrity": "sha512-LA4ZjwlnUblHVgq0oBF3Jl/6h/Nvs5fzBLwdEF4nuxnFdsfajde4WfxtJr3CaiH+F6ewcIB/q4jQ4UzPyid+CQ==",
      "dev": true,
      "license": "MIT",
      "optional": true,
      "bin": {
        "node-gyp-build": "bin.js",
        "node-gyp-build-optional": "optional.js",
        "node-gyp-build-test": "build-test.js"
      }
    },
    "node_modules/react": {
      "version": "19.2.8",
      "resolved": "https://registry.npmjs.org/react/-/react-19.2.8.tgz",
      "integrity": "sha512-PWaYA1L/q9u2u7xYQi+Y3L3Yfnie7XyLeaJICV1MGD6LprsBxcAqGjYyr0eY3p+QdsA+x/Irkt4Qif8D63+Sbw==",
      "dev": true,
      "license": "MIT",
      "peer": true,
      "engines": {
        "node": ">=0.10.0"
      }
    },
    "node_modules/sdp-transform": {
      "version": "2.15.0",
      "resolved": "https://registry.npmjs.org/sdp-transform/-/sdp-transform-2.15.0.tgz",
      "integrity": "sha512-KrOH82c/W+GYQ0LHqtr3caRpM3ITglq3ljGUIb8LTki7ByacJZ9z+piSGiwZDsRyhQbYBOBJgr2k6X4BZXi3Kw==",
      "dev": true,
      "license": "MIT",
      "bin": {
        "sdp-verify": "checker.js"
      }
    },
    "node_modules/tslib": {
      "version": "2.8.1",
      "resolved": "https://registry.npmjs.org/tslib/-/tslib-2.8.1.tgz",
      "integrity": "sha512-oJFu94HQb+KVduSUQL7wnpmqnfmLsOA/nAh6b6EH0wCEoK0/mPeXU6c3wKDV83MkOuHPRHtSXKKU99IBazS/2w==",
      "dev": true,
      "license": "0BSD"
    },
    "node_modules/utf-8-validate": {
      "version": "5.0.10",
      "resolved": "https://registry.npmjs.org/utf-8-validate/-/utf-8-validate-5.0.10.tgz",
      "integrity": "sha512-Z6czzLq4u8fPOyx7TU6X3dvUZVvoJmxSQ+IcrlmagKhilxlhZgxPK6C5Jqbkw1IDUmFTM+cz9QDnnLTwDz/2gQ==",
      "dev": true,
      "hasInstallScript": true,
      "license": "MIT",
      "optional": true,
      "dependencies": {
        "node-gyp-build": "^4.3.0"
      },
      "engines": {
        "node": ">=6.14.2"
      }
    },
    "node_modules/uuid": {
      "version": "8.3.2",
      "resolved": "https://registry.npmjs.org/uuid/-/uuid-8.3.2.tgz",
      "integrity": "sha512-+NYs2QeMWy+GWFOEm9xnn6HCDp0l7QBD7ml8zLUmJ+93Q5NF0NocErnwkTkXVFNiX3/fpC6afS8Dhb/gz7R7eg==",
      "deprecated": "uuid@10 and below is no longer supported.  For ESM codebases, update to uuid@latest.  For CommonJS codebases, use uuid@11 (but be aware this version will likely be deprecated in 2028).",
      "dev": true,
      "license": "MIT",
      "bin": {
        "uuid": "dist/bin/uuid"
      }
    },
    "node_modules/worker-timers": {
      "version": "7.0.60",
      "resolved": "https://registry.npmjs.org/worker-timers/-/worker-timers-7.0.60.tgz",
      "integrity": "sha512-kom5j7+JQU0uuJAqAeFvxPpKlp21BH09YLMU/JLKA+0Zs3WTGk7WSBFYjdR3G+kjXr6qWD7zIcenv3oXaWBJzw==",
      "dev": true,
      "license": "MIT",
      "dependencies": {
        "@babel/runtime": "^7.20.6",
        "tslib": "^2.4.1",
        "worker-timers-broker": "^6.0.80",
        "worker-timers-worker": "^7.0.46"
      }
    },
    "node_modules/worker-timers-broker": {
      "version": "6.1.8",
      "resolved": "https://registry.npmjs.org/worker-timers-broker/-/worker-timers-broker-6.1.8.tgz",
      "integrity": "sha512-FUCJu9jlK3A8WqLTKXM9E6kAmI/dR1vAJ8dHYLMisLNB/n3GuaFIjJ7pn16ZcD1zCOf7P6H62lWIEBi+yz/zQQ==",
      "dev": true,
      "license": "MIT",
      "dependencies": {
        "@babel/runtime": "^7.24.5",
        "fast-unique-numbers": "^8.0.13",
        "tslib": "^2.6.2",
        "worker-timers-worker": "^7.0.71"
      }
    },
    "node_modules/worker-timers-worker": {
      "version": "7.0.71",
      "resolved": "https://registry.npmjs.org/worker-timers-worker/-/worker-timers-worker-7.0.71.tgz",
      "integrity": "sha512-ks/5YKwZsto1c2vmljroppOKCivB/ma97g9y77MAAz2TBBjPPgpoOiS1qYQKIgvGTr2QYPT3XhJWIB6Rj2MVPQ==",
      "dev": true,
      "license": "MIT",
      "dependencies": {
        "@babel/runtime": "^7.24.5",
        "tslib": "^2.6.2"
      }
    }
  }
}
