{
  "name": "fsharp-cloudedge-input-kv-asset-handler",
  "version": "0.0.0",
  "lockfileVersion": 3,
  "requires": true,
  "packages": {
    "": {
      "name": "fsharp-cloudedge-input-kv-asset-handler",
      "version": "0.0.0",
      "devDependencies": {
        "@cloudflare/kv-asset-handler": "0.5.0",
        "@cloudflare/workers-types": "5.20260906.1"
      }
    },
    "node_modules/@cloudflare/kv-asset-handler": {
      "version": "0.5.0",
      "resolved": "https://registry.npmjs.org/@cloudflare/kv-asset-handler/-/kv-asset-handler-0.5.0.tgz",
      "integrity": "sha512-jxQYkj8dSIzc0cD6cMMNdOc1UVjqSqu8BZdor5s8cGjW2I8BjODt/kWPVdY+u9zj3ms75Q5qaZgnxUad83+eAg==",
      "dev": true,
      "license": "MIT OR Apache-2.0",
      "engines": {
        "node": ">=22.0.0"
      }
    },
    "node_modules/@cloudflare/workers-types": {
      "version": "5.20260906.1",
      "resolved": "https://registry.npmjs.org/@cloudflare/workers-types/-/workers-types-5.20260906.1.tgz",
      "integrity": "sha512-mRKC5n+9OP7tZiOu7vMv2MZ+Arh3tX4b9gVAt43WFns83LNzWchhfRs9o2IkFCnYKovHo4m4Af1P4zPQWdLx0g==",
      "dev": true,
      "license": "MIT OR Apache-2.0"
    }
  }
}
