{
  "name": "fsharp-cloudedge-input-dynamic-workflows",
  "version": "0.0.0",
  "lockfileVersion": 3,
  "requires": true,
  "packages": {
    "": {
      "name": "fsharp-cloudedge-input-dynamic-workflows",
      "version": "0.0.0",
      "devDependencies": {
        "@cloudflare/dynamic-workflows": "0.1.1",
        "@cloudflare/workers-types": "5.20260906.1"
      }
    },
    "node_modules/@cloudflare/dynamic-workflows": {
      "version": "0.1.1",
      "resolved": "https://registry.npmjs.org/@cloudflare/dynamic-workflows/-/dynamic-workflows-0.1.1.tgz",
      "integrity": "sha512-sVomQI/cCOHr/Tu/qefnpECctG38ayrePxsUJm8UqllV1HCX9hQ1EW0cFo4HCdU+avQsPVfPiknnlk0oRySlig==",
      "dev": true,
      "license": "MIT",
      "engines": {
        "node": ">=22"
      }
    },
    "node_modules/@cloudflare/workers-types": {
      "version": "5.20260906.1",
      "resolved": "https://registry.npmjs.org/@cloudflare/workers-types/-/workers-types-5.20260906.1.tgz",
      "integrity": "sha512-mRKC5n+9OP7tZiOu7vMv2MZ+Arh3tX4b9gVAt43WFns83LNzWchhfRs9o2IkFCnYKovHo4m4Af1P4zPQWdLx0g==",
      "dev": true,
      "license": "MIT OR Apache-2.0"
    }
  }
}
