{
  "name": "fsharp-cloudedge-input-pages-plugin-stytch",
  "version": "0.0.0",
  "lockfileVersion": 3,
  "requires": true,
  "packages": {
    "": {
      "name": "fsharp-cloudedge-input-pages-plugin-stytch",
      "version": "0.0.0",
      "devDependencies": {
        "@cloudflare/pages-plugin-stytch": "1.0.3"
      }
    },
    "node_modules/@cloudflare/pages-plugin-stytch": {
      "version": "1.0.3",
      "resolved": "https://registry.npmjs.org/@cloudflare/pages-plugin-stytch/-/pages-plugin-stytch-1.0.3.tgz",
      "integrity": "sha512-Rm+aVZNcr5+m0Pan7hj2GP4tG/H+8DMGtiL9KKz5+giSFa2yM2mQpNovlCdhhT4Y7nuCSQgJ6gvzjeq5bvjTmw==",
      "dev": true,
      "license": "MIT"
    }
  }
}
