{
  "name": "fsharp-cloudedge-input-pages-plugin-hcaptcha",
  "version": "0.0.0",
  "lockfileVersion": 3,
  "requires": true,
  "packages": {
    "": {
      "name": "fsharp-cloudedge-input-pages-plugin-hcaptcha",
      "version": "0.0.0",
      "devDependencies": {
        "@cloudflare/pages-plugin-hcaptcha": "1.0.4"
      }
    },
    "node_modules/@cloudflare/pages-plugin-hcaptcha": {
      "version": "1.0.4",
      "resolved": "https://registry.npmjs.org/@cloudflare/pages-plugin-hcaptcha/-/pages-plugin-hcaptcha-1.0.4.tgz",
      "integrity": "sha512-LZ1kWAhj3/wdAAnJs/fUG8akC+FKizLu2AdhVzr4aExncXA2wjXvphktG40pvEMIoMXH5LBqP9H7YNguR14Y7Q==",
      "dev": true,
      "license": "MIT"
    }
  }
}
