{
  "name": "fsharp-cloudedge-input-actors",
  "version": "0.0.0",
  "lockfileVersion": 3,
  "requires": true,
  "packages": {
    "": {
      "name": "fsharp-cloudedge-input-actors",
      "version": "0.0.0",
      "devDependencies": {
        "@cloudflare/actors": "0.0.1-beta.6",
        "@cloudflare/workers-types": "5.20260906.1"
      }
    },
    "node_modules/@cloudflare/actors": {
      "version": "0.0.1-beta.6",
      "resolved": "https://registry.npmjs.org/@cloudflare/actors/-/actors-0.0.1-beta.6.tgz",
      "integrity": "sha512-8SuwZww14K5YHdF6HdkWCthWZCvuIKk7E0xARI/7vWYtd+OymA2Y3JBhPd+hnuA2R9sr57cZHKhKOcfNbf9xOQ==",
      "dev": true,
      "license": "MIT",
      "workspaces": [
        "packages/*",
        "examples/*"
      ],
      "engines": {
        "node": ">=18.0.0"
      },
      "optionalDependencies": {
        "cron-schedule": "^5.0.4",
        "nanoid": "^5.1.5"
      }
    },
    "node_modules/@cloudflare/workers-types": {
      "version": "5.20260906.1",
      "resolved": "https://registry.npmjs.org/@cloudflare/workers-types/-/workers-types-5.20260906.1.tgz",
      "integrity": "sha512-mRKC5n+9OP7tZiOu7vMv2MZ+Arh3tX4b9gVAt43WFns83LNzWchhfRs9o2IkFCnYKovHo4m4Af1P4zPQWdLx0g==",
      "dev": true,
      "license": "MIT OR Apache-2.0"
    },
    "node_modules/cron-schedule": {
      "version": "5.0.4",
      "resolved": "https://registry.npmjs.org/cron-schedule/-/cron-schedule-5.0.4.tgz",
      "integrity": "sha512-nH0a49E/kSVk6BeFgKZy4uUsy6D2A16p120h5bYD9ILBhQu7o2sJFH+WI4R731TSBQ0dB1Ik7inB/dRAB4C8QQ==",
      "dev": true,
      "license": "MIT",
      "optional": true,
      "engines": {
        "node": ">=18"
      }
    },
    "node_modules/nanoid": {
      "version": "5.1.16",
      "resolved": "https://registry.npmjs.org/nanoid/-/nanoid-5.1.16.tgz",
      "integrity": "sha512-kVrnsrJqMR8+oLJnGEmSWw9BivK5mt7H3FZatVRjrc5wGqFYuBxX1yG7+A7Gi5AefkX6t/oCkizcQgpu0cY1dQ==",
      "dev": true,
      "funding": [
        {
          "type": "github",
          "url": "https://github.com/sponsors/ai"
        }
      ],
      "license": "MIT",
      "optional": true,
      "bin": {
        "nanoid": "bin/nanoid.js"
      },
      "engines": {
        "node": "^18 || >=20"
      }
    }
  }
}
